// !$*UTF8*$!
{
	archiveVersion = 1;
	classes = {
	};
	objectVersion = 77;
	objects = {

/* Begin PBXBuildFile section */
		CD238FA02EFE3AA000517279 /* FirebaseAuth in Frameworks */ = {isa = PBXBuildFile; productRef = CD238F9F2EFE3AA000517279 /* FirebaseAuth */; };
		CD238FA22EFE3AA000517279 /* FirebaseCore in Frameworks */ = {isa = PBXBuildFile; productRef = CD238FA12EFE3AA000517279 /* FirebaseCore */; };
		CD238FA42EFE3AA000517279 /* FirebaseFirestore in Frameworks */ = {isa = PBXBuildFile; productRef = CD238FA32EFE3AA000517279 /* FirebaseFirestore */; };
/* End PBXBuildFile section */

/* Begin PBXContainerItemProxy section */
		CD0D953C2EBBB3F200489404 /* PBXContainerItemProxy */ = {
			isa = PBXContainerItemProxy;
			containerPortal = CD0D95262EBBB3F100489404 /* Project object */;
			proxyType = 1;
			remoteGlobalIDString = CD0D952D2EBBB3F100489404;
			remoteInfo = "Coach Ai";
		};
		CD0D95462EBBB3F200489404 /* PBXContainerItemProxy */ = {
			isa = PBXContainerItemProxy;
			containerPortal = CD0D95262EBBB3F100489404 /* Project object */;
			proxyType = 1;
			remoteGlobalIDString = CD0D952D2EBBB3F100489404;
			remoteInfo = "Coach Ai";
		};
/* End PBXContainerItemProxy section */

/* Begin PBXFileReference section */
		CD0D952E2EBBB3F100489404 /* Coach Ai.app */ = {isa = PBXFileReference; explicitFileType = wrapper.application; includeInIndex = 0; path = "Coach Ai.app"; sourceTree = BUILT_PRODUCTS_DIR; };
		CD0D953B2EBBB3F200489404 /* Coach AiTests.xctest */ = {isa = PBXFileReference; explicitFileType = wrapper.cfbundle; includeInIndex = 0; path = "Coach AiTests.xctest"; sourceTree = BUILT_PRODUCTS_DIR; };
		CD0D95452EBBB3F200489404 /* Coach AiUITests.xctest */ = {isa = PBXFileReference; explicitFileType = wrapper.cfbundle; includeInIndex = 0; path = "Coach AiUITests.xctest"; sourceTree = BUILT_PRODUCTS_DIR; };
/* End PBXFileReference section */

/* Begin PBXFileSystemSynchronizedRootGroup section */
		CD0D95302EBBB3F100489404 /* Coach Ai */ = {
			isa = PBXFileSystemSynchronizedRootGroup;
			path = "Coach Ai";
			sourceTree = "<group>";
		};
		CD0D953E2EBBB3F200489404 /* Coach AiTests */ = {
			isa = PBXFileSystemSynchronizedRootGroup;
			path = "Coach AiTests";
			sourceTree = "<group>";
		};
		CD0D95482EBBB3F200489404 /* Coach AiUITests */ = {
			isa = PBXFileSystemSynchronizedRootGroup;
			path = "Coach AiUITests";
			sourceTree = "<group>";
		};
/* End PBXFileSystemSynchronizedRootGroup section */

/* Begin PBXFrameworksBuildPhase section */
		CD0D952B2EBBB3F100489404 /* Frameworks */ = {
			isa = PBXFrameworksBuildPhase;
			buildActionMask = 2147483647;
			files = (
				CD238FA22EFE3AA000517279 /* FirebaseCore in Frameworks */,
				CD238FA02EFE3AA000517279 /* FirebaseAuth in Frameworks */,
				CD238FA42EFE3AA000517279 /* FirebaseFirestore in Frameworks */,
			);
			runOnlyForDeploymentPostprocessing = 0;
		};
		CD0D95382EBBB3F200489404 /* Frameworks */ = {
			isa = PBXFrameworksBuildPhase;
			buildActionMask = 2147483647;
			files = (
			);
			runOnlyForDeploymentPostprocessing = 0;
		};
		CD0D95422EBBB3F200489404 /* Frameworks */ = {
			isa = PBXFrameworksBuildPhase;
			buildActionMask = 2147483647;
			files = (
			);
			runOnlyForDeploymentPostprocessing = 0;
		};
/* End PBXFrameworksBuildPhase section */

/* Begin PBXGroup section */
		CD0D95252EBBB3F100489404 = {
			isa = PBXGroup;
			children = (
				CD0D95302EBBB3F100489404 /* Coach Ai */,
				CD0D953E2EBBB3F200489404 /* Coach AiTests */,
				CD0D95482EBBB3F200489404 /* Coach AiUITests */,
				CD0D952F2EBBB3F100489404 /* Products */,
			);
			sourceTree = "<group>";
		};
		CD0D952F2EBBB3F100489404 /* Products */ = {
			isa = PBXGroup;
			children = (
				CD0D952E2EBBB3F100489404 /* Coach Ai.app */,
				CD0D953B2EBBB3F200489404 /* Coach AiTests.xctest */,
				CD0D95452EBBB3F200489404 /* Coach AiUITests.xctest */,
			);
			name = Products;
			sourceTree = "<group>";
		};
/* End PBXGroup section */

/* Begin PBXNativeTarget section */
		CD0D952D2EBBB3F100489404 /* Coach Ai */ = {
			isa = PBXNativeTarget;
			buildConfigurationList = CD0D954F2EBBB3F200489404 /* Build configuration list for PBXNativeTarget "Coach Ai" */;
			buildPhases = (
				CD0D952A2EBBB3F100489404 /* Sources */,
				CD0D952B2EBBB3F100489404 /* Frameworks */,
				CD0D952C2EBBB3F100489404 /* Resources */,
			);
			buildRules = (
			);
			dependencies = (
			);
			fileSystemSynchronizedGroups = (
				CD0D95302EBBB3F100489404 /* Coach Ai */,
			);
			name = "Coach Ai";
			packageProductDependencies = (
				CD238F9F2EFE3AA000517279 /* FirebaseAuth */,
				CD238FA12EFE3AA000517279 /* FirebaseCore */,
				CD238FA32EFE3AA000517279 /* FirebaseFirestore */,
			);
			productName = "Coach Ai";
			productReference = CD0D952E2EBBB3F100489404 /* Coach Ai.app */;
			productType = "com.apple.product-type.application";
		};
		CD0D953A2EBBB3F200489404 /* Coach AiTests */ = {
			isa = PBXNativeTarget;
			buildConfigurationList = CD0D95522EBBB3F200489404 /* Build configuration list for PBXNativeTarget "Coach AiTests" */;
			buildPhases = (
				CD0D95372EBBB3F200489404 /* Sources */,
				CD0D95382EBBB3F200489404 /* Frameworks */,
				CD0D95392EBBB3F200489404 /* Resources */,
			);
			buildRules = (
			);
			dependencies = (
				CD0D953D2EBBB3F200489404 /* PBXTargetDependency */,
			);
			fileSystemSynchronizedGroups = (
				CD0D953E2EBBB3F200489404 /* Coach AiTests */,
			);
			name = "Coach AiTests";
			packageProductDependencies = (
			);
			productName = "Coach AiTests";
			productReference = CD0D953B2EBBB3F200489404 /* Coach AiTests.xctest */;
			productType = "com.apple.product-type.bundle.unit-test";
		};
		CD0D95442EBBB3F200489404 /* Coach AiUITests */ = {
			isa = PBXNativeTarget;
			buildConfigurationList = CD0D95552EBBB3F200489404 /* Build configuration list for PBXNativeTarget "Coach AiUITests" */;
			buildPhases = (
				CD0D95412EBBB3F200489404 /* Sources */,
				CD0D95422EBBB3F200489404 /* Frameworks */,
				CD0D95432EBBB3F200489404 /* Resources */,
			);
			buildRules = (
			);
			dependencies = (
				CD0D95472EBBB3F200489404 /* PBXTargetDependency */,
			);
			fileSystemSynchronizedGroups = (
				CD0D95482EBBB3F200489404 /* Coach AiUITests */,
			);
			name = "Coach AiUITests";
			packageProductDependencies = (
			);
			productName = "Coach AiUITests";
			productReference = CD0D95452EBBB3F200489404 /* Coach AiUITests.xctest */;
			productType = "com.apple.product-type.bundle.ui-testing";
		};
/* End PBXNativeTarget section */

/* Begin PBXProject section */
		CD0D95262EBBB3F100489404 /* Project object */ = {
			isa = PBXProject;
			attributes = {
				BuildIndependentTargetsInParallel = 1;
				LastSwiftUpdateCheck = 1640;
				LastUpgradeCheck = 1640;
				TargetAttributes = {
					CD0D952D2EBBB3F100489404 = {
						CreatedOnToolsVersion = 16.4;
					};
					CD0D953A2EBBB3F200489404 = {
						CreatedOnToolsVersion = 16.4;
						TestTargetID = CD0D952D2EBBB3F100489404;
					};
					CD0D95442EBBB3F200489404 = {
						CreatedOnToolsVersion = 16.4;
						TestTargetID = CD0D952D2EBBB3F100489404;
					};
				};
			};
			buildConfigurationList = CD0D95292EBBB3F100489404 /* Build configuration list for PBXProject "Coach Ai" */;
			developmentRegion = en;
			hasScannedForEncodings = 0;
			knownRegions = (
				en,
				Base,
			);
			mainGroup = CD0D95252EBBB3F100489404;
			minimizedProjectReferenceProxies = 1;
			packageReferences = (
				CD238F9E2EFE3AA000517279 /* XCRemoteSwiftPackageReference "firebase-ios-sdk" */,
			);
			preferredProjectObjectVersion = 77;
			productRefGroup = CD0D952F2EBBB3F100489404 /* Products */;
			projectDirPath = "";
			projectRoot = "";
			targets = (
				CD0D952D2EBBB3F100489404 /* Coach Ai */,
				CD0D953A2EBBB3F200489404 /* Coach AiTests */,
				CD0D95442EBBB3F200489404 /* Coach AiUITests */,
			);
		};
/* End PBXProject section */

/* Begin PBXResourcesBuildPhase section */
		CD0D952C2EBBB3F100489404 /* Resources */ = {
			isa = PBXResourcesBuildPhase;
			buildActionMask = 2147483647;
			files = (
			);
			runOnlyForDeploymentPostprocessing = 0;
		};
		CD0D95392EBBB3F200489404 /* Resources */ = {
			isa = PBXResourcesBuildPhase;
			buildActionMask = 2147483647;
			files = (
			);
			runOnlyForDeploymentPostprocessing = 0;
		};
		CD0D95432EBBB3F200489404 /* Resources */ = {
			isa = PBXResourcesBuildPhase;
			buildActionMask = 2147483647;
			files = (
			);
			runOnlyForDeploymentPostprocessing = 0;
		};
/* End PBXResourcesBuildPhase section */

/* Begin PBXSourcesBuildPhase section */
		CD0D952A2EBBB3F100489404 /* Sources */ = {
			isa = PBXSourcesBuildPhase;
			buildActionMask = 2147483647;
			files = (
			);
			runOnlyForDeploymentPostprocessing = 0;
		};
		CD0D95372EBBB3F200489404 /* Sources */ = {
			isa = PBXSourcesBuildPhase;
			buildActionMask = 2147483647;
			files = (
			);
			runOnlyForDeploymentPostprocessing = 0;
		};
		CD0D95412EBBB3F200489404 /* Sources */ = {
			isa = PBXSourcesBuildPhase;
			buildActionMask = 2147483647;
			files = (
			);
			runOnlyForDeploymentPostprocessing = 0;
		};
/* End PBXSourcesBuildPhase section */

/* Begin PBXTargetDependency section */
		CD0D953D2EBBB3F200489404 /* PBXTargetDependency */ = {
			isa = PBXTargetDependency;
			target = CD0D952D2EBBB3F100489404 /* Coach Ai */;
			targetProxy = CD0D953C2EBBB3F200489404 /* PBXContainerItemProxy */;
		};
		CD0D95472EBBB3F200489404 /* PBXTargetDependency */ = {
			isa = PBXTargetDependency;
			target = CD0D952D2EBBB3F100489404 /* Coach Ai */;
			targetProxy = CD0D95462EBBB3F200489404 /* PBXContainerItemProxy */;
		};
/* End PBXTargetDependency section */

/* Begin XCBuildConfiguration section */
		CD0D954D2EBBB3F200489404 /* Debug */ = {
			isa = XCBuildConfiguration;
			buildSettings = {
				ALWAYS_SEARCH_USER_PATHS = NO;
				ASSETCATALOG_COMPILER_GENERATE_SWIFT_ASSET_SYMBOL_EXTENSIONS = YES;
				CLANG_ANALYZER_NONNULL = YES;
				CLANG_ANALYZER_NUMBER_OBJECT_CONVERSION = YES_AGGRESSIVE;
				CLANG_CXX_LANGUAGE_STANDARD = "gnu++20";
				CLANG_ENABLE_MODULES = YES;
				CLANG_ENABLE_OBJC_ARC = YES;
				CLANG_ENABLE_OBJC_WEAK = YES;
				CLANG_WARN_BLOCK_CAPTURE_AUTORELEASING = YES;
				CLANG_WARN_BOOL_CONVERSION = YES;
				CLANG_WARN_COMMA = YES;
				CLANG_WARN_CONSTANT_CONVERSION = YES;
				CLANG_WARN_DEPRECATED_OBJC_IMPLEMENTATIONS = YES;
				CLANG_WARN_DIRECT_OBJC_ISA_USAGE = YES_ERROR;
				CLANG_WARN_DOCUMENTATION_COMMENTS = YES;
				CLANG_WARN_EMPTY_BODY = YES;
				CLANG_WARN_ENUM_CONVERSION = YES;
				CLANG_WARN_INFINITE_RECURSION = YES;
				CLANG_WARN_INT_CONVERSION = YES;
				CLANG_WARN_NON_LITERAL_NULL_CONVERSION = YES;
				CLANG_WARN_OBJC_IMPLICIT_RETAIN_SELF = YES;
				CLANG_WARN_OBJC_LITERAL_CONVERSION = YES;
				CLANG_WARN_OBJC_ROOT_CLASS = YES_ERROR;
				CLANG_WARN_QUOTED_INCLUDE_IN_FRAMEWORK_HEADER = YES;
				CLANG_WARN_RANGE_LOOP_ANALYSIS = YES;
				CLANG_WARN_STRICT_PROTOTYPES = YES;
				CLANG_WARN_SUSPICIOUS_MOVE = YES;
				CLANG_WARN_UNGUARDED_AVAILABILITY = YES_AGGRESSIVE;
				CLANG_WARN_UNREACHABLE_CODE = YES;
				CLANG_WARN__DUPLICATE_METHOD_MATCH = YES;
				COPY_PHASE_STRIP = NO;
				DEBUG_INFORMATION_FORMAT = dwarf;
				DEVELOPMENT_TEAM = 7YVZL5866V;
				ENABLE_STRICT_OBJC_MSGSEND = YES;
				ENABLE_TESTABILITY = YES;
				ENABLE_USER_SCRIPT_SANDBOXING = YES;
				GCC_C_LANGUAGE_STANDARD = gnu17;
				GCC_DYNAMIC_NO_PIC = NO;
				GCC_NO_COMMON_BLOCKS = YES;
				GCC_OPTIMIZATION_LEVEL = 0;
				GCC_PREPROCESSOR_DEFINITIONS = (
					"DEBUG=1",
					"$(inherited)",
				);
				GCC_WARN_64_TO_32_BIT_CONVERSION = YES;
				GCC_WARN_ABOUT_RETURN_TYPE = YES_ERROR;
				GCC_WARN_UNDECLARED_SELECTOR = YES;
				GCC_WARN_UNINITIALIZED_AUTOS = YES_AGGRESSIVE;
				GCC_WARN_UNUSED_FUNCTION = YES;
				GCC_WARN_UNUSED_VARIABLE = YES;
				IPHONEOS_DEPLOYMENT_TARGET = 18.5;
				LOCALIZATION_PREFERS_STRING_CATALOGS = YES;
				MTL_ENABLE_DEBUG_INFO = INCLUDE_SOURCE;
				MTL_FAST_MATH = YES;
				ONLY_ACTIVE_ARCH = YES;
				SDKROOT = iphoneos;
				SWIFT_ACTIVE_COMPILATION_CONDITIONS = "DEBUG $(inherited)";
				SWIFT_OPTIMIZATION_LEVEL = "-Onone";
			};
			name = Debug;
		};
		CD0D954E2EBBB3F200489404 /* Release */ = {
			isa = XCBuildConfiguration;
			buildSettings = {
				ALWAYS_SEARCH_USER_PATHS = NO;
				ASSETCATALOG_COMPILER_GENERATE_SWIFT_ASSET_SYMBOL_EXTENSIONS = YES;
				CLANG_ANALYZER_NONNULL = YES;
				CLANG_ANALYZER_NUMBER_OBJECT_CONVERSION = YES_AGGRESSIVE;
				CLANG_CXX_LANGUAGE_STANDARD = "gnu++20";
				CLANG_ENABLE_MODULES = YES;
				CLANG_ENABLE_OBJC_ARC = YES;
				CLANG_ENABLE_OBJC_WEAK = YES;
				CLANG_WARN_BLOCK_CAPTURE_AUTORELEASING = YES;
				CLANG_WARN_BOOL_CONVERSION = YES;
				CLANG_WARN_COMMA = YES;
				CLANG_WARN_CONSTANT_CONVERSION = YES;
				CLANG_WARN_DEPRECATED_OBJC_IMPLEMENTATIONS = YES;
				CLANG_WARN_DIRECT_OBJC_ISA_USAGE = YES_ERROR;
				CLANG_WARN_DOCUMENTATION_COMMENTS = YES;
				CLANG_WARN_EMPTY_BODY = YES;
				CLANG_WARN_ENUM_CONVERSION = YES;
				CLANG_WARN_INFINITE_RECURSION = YES;
				CLANG_WARN_INT_CONVERSION = YES;
				CLANG_WARN_NON_LITERAL_NULL_CONVERSION = YES;
				CLANG_WARN_OBJC_IMPLICIT_RETAIN_SELF = YES;
				CLANG_WARN_OBJC_LITERAL_CONVERSION = YES;
				CLANG_WARN_OBJC_ROOT_CLASS = YES_ERROR;
				CLANG_WARN_QUOTED_INCLUDE_IN_FRAMEWORK_HEADER = YES;
				CLANG_WARN_RANGE_LOOP_ANALYSIS = YES;
				CLANG_WARN_STRICT_PROTOTYPES = YES;
				CLANG_WARN_SUSPICIOUS_MOVE = YES;
				CLANG_WARN_UNGUARDED_AVAILABILITY = YES_AGGRESSIVE;
				CLANG_WARN_UNREACHABLE_CODE = YES;
				CLANG_WARN__DUPLICATE_METHOD_MATCH = YES;
				COPY_PHASE_STRIP = NO;
				DEBUG_INFORMATION_FORMAT = "dwarf-with-dsym";
				DEVELOPMENT_TEAM = 7YVZL5866V;
				ENABLE_NS_ASSERTIONS = NO;
				ENABLE_STRICT_OBJC_MSGSEND = YES;
				ENABLE_USER_SCRIPT_SANDBOXING = YES;
				GCC_C_LANGUAGE_STANDARD = gnu17;
				GCC_NO_COMMON_BLOCKS = YES;
				GCC_WARN_64_TO_32_BIT_CONVERSION = YES;
				GCC_WARN_ABOUT_RETURN_TYPE = YES_ERROR;
				GCC_WARN_UNDECLARED_SELECTOR = YES;
				GCC_WARN_UNINITIALIZED_AUTOS = YES_AGGRESSIVE;
				GCC_WARN_UNUSED_FUNCTION = YES;
				GCC_WARN_UNUSED_VARIABLE = YES;
				IPHONEOS_DEPLOYMENT_TARGET = 18.5;
				LOCALIZATION_PREFERS_STRING_CATALOGS = YES;
				MTL_ENABLE_DEBUG_INFO = NO;
				MTL_FAST_MATH = YES;
				SDKROOT = iphoneos;
				SWIFT_COMPILATION_MODE = wholemodule;
				VALIDATE_PRODUCT = YES;
			};
			name = Release;
		};
		CD0D95502EBBB3F200489404 /* Debug */ = {
			isa = XCBuildConfiguration;
			buildSettings = {
				ASSETCATALOG_COMPILER_APPICON_NAME = AppIcon;
				ASSETCATALOG_COMPILER_GLOBAL_ACCENT_COLOR_NAME = AccentColor;
				CODE_SIGN_ENTITLEMENTS = "Coach Ai/Coach Ai.entitlements";
				CODE_SIGN_STYLE = Automatic;
				CURRENT_PROJECT_VERSION = 1;
				DEVELOPMENT_TEAM = 7YVZL5866V;
				ENABLE_PREVIEWS = YES;
				GENERATE_INFOPLIST_FILE = NO;
				INFOPLIST_FILE = "Coach Ai/App-Info.plist";
				LD_RUNPATH_SEARCH_PATHS = (
					"$(inherited)",
					"@executable_path/Frameworks",
				);
				MARKETING_VERSION = 1.0;
				PRODUCT_BUNDLE_IDENTIFIER = DeltaraTech.CoachAi;
				PRODUCT_NAME = "$(TARGET_NAME)";
				SWIFT_EMIT_LOC_STRINGS = YES;
				SWIFT_VERSION = 5.0;
				TARGETED_DEVICE_FAMILY = "1,2";
			};
			name = Debug;
		};
		CD0D95512EBBB3F200489404 /* Release */ = {
			isa = XCBuildConfiguration;
			buildSettings = {
				ASSETCATALOG_COMPILER_APPICON_NAME = AppIcon;
				ASSETCATALOG_COMPILER_GLOBAL_ACCENT_COLOR_NAME = AccentColor;
				CODE_SIGN_ENTITLEMENTS = "Coach Ai/Coach Ai.entitlements";
				CODE_SIGN_STYLE = Automatic;
				CURRENT_PROJECT_VERSION = 1;
				DEVELOPMENT_TEAM = 7YVZL5866V;
				ENABLE_PREVIEWS = YES;
				GENERATE_INFOPLIST_FILE = NO;
				INFOPLIST_FILE = "Coach Ai/App-Info.plist";
				LD_RUNPATH_SEARCH_PATHS = (
					"$(inherited)",
					"@executable_path/Frameworks",
				);
				MARKETING_VERSION = 1.0;
				PRODUCT_BUNDLE_IDENTIFIER = DeltaraTech.CoachAi;
				PRODUCT_NAME = "$(TARGET_NAME)";
				SWIFT_EMIT_LOC_STRINGS = YES;
				SWIFT_VERSION = 5.0;
				TARGETED_DEVICE_FAMILY = "1,2";
			};
			name = Release;
		};
		CD0D95532EBBB3F200489404 /* Debug */ = {
			isa = XCBuildConfiguration;
			buildSettings = {
				BUNDLE_LOADER = "$(TEST_HOST)";
				CODE_SIGN_STYLE = Automatic;
				CURRENT_PROJECT_VERSION = 1;
				DEVELOPMENT_TEAM = 7YVZL5866V;
				GENERATE_INFOPLIST_FILE = YES;
				IPHONEOS_DEPLOYMENT_TARGET = 18.5;
				MARKETING_VERSION = 1.0;
				PRODUCT_BUNDLE_IDENTIFIER = "DeltaraTech.Coach-AiTests";
				PRODUCT_NAME = "$(TARGET_NAME)";
				SWIFT_EMIT_LOC_STRINGS = NO;
				SWIFT_VERSION = 5.0;
				TARGETED_DEVICE_FAMILY = "1,2";
				TEST_HOST = "$(BUILT_PRODUCTS_DIR)/Coach Ai.app/$(BUNDLE_EXECUTABLE_FOLDER_PATH)/Coach Ai";
			};
			name = Debug;
		};
		CD0D95542EBBB3F200489404 /* Release */ = {
			isa = XCBuildConfiguration;
			buildSettings = {
				BUNDLE_LOADER = "$(TEST_HOST)";
				CODE_SIGN_STYLE = Automatic;
				CURRENT_PROJECT_VERSION = 1;
				DEVELOPMENT_TEAM = 7YVZL5866V;
				GENERATE_INFOPLIST_FILE = YES;
				IPHONEOS_DEPLOYMENT_TARGET = 18.5;
				MARKETING_VERSION = 1.0;
				PRODUCT_BUNDLE_IDENTIFIER = "DeltaraTech.Coach-AiTests";
				PRODUCT_NAME = "$(TARGET_NAME)";
				SWIFT_EMIT_LOC_STRINGS = NO;
				SWIFT_VERSION = 5.0;
				TARGETED_DEVICE_FAMILY = "1,2";
				TEST_HOST = "$(BUILT_PRODUCTS_DIR)/Coach Ai.app/$(BUNDLE_EXECUTABLE_FOLDER_PATH)/Coach Ai";
			};
			name = Release;
		};
		CD0D95562EBBB3F200489404 /* Debug */ = {
			isa = XCBuildConfiguration;
			buildSettings = {
				CODE_SIGN_STYLE = Automatic;
				CURRENT_PROJECT_VERSION = 1;
				DEVELOPMENT_TEAM = 7YVZL5866V;
				GENERATE_INFOPLIST_FILE = YES;
				MARKETING_VERSION = 1.0;
				PRODUCT_BUNDLE_IDENTIFIER = "DeltaraTech.Coach-AiUITests";
				PRODUCT_NAME = "$(TARGET_NAME)";
				SWIFT_EMIT_LOC_STRINGS = NO;
				SWIFT_VERSION = 5.0;
				TARGETED_DEVICE_FAMILY = "1,2";
				TEST_TARGET_NAME = "Coach Ai";
			};
			name = Debug;
		};
		CD0D95572EBBB3F200489404 /* Release */ = {
			isa = XCBuildConfiguration;
			buildSettings = {
				CODE_SIGN_STYLE = Automatic;
				CURRENT_PROJECT_VERSION = 1;
				DEVELOPMENT_TEAM = 7YVZL5866V;
				GENERATE_INFOPLIST_FILE = YES;
				MARKETING_VERSION = 1.0;
				PRODUCT_BUNDLE_IDENTIFIER = "DeltaraTech.Coach-AiUITests";
				PRODUCT_NAME = "$(TARGET_NAME)";
				SWIFT_EMIT_LOC_STRINGS = NO;
				SWIFT_VERSION = 5.0;
				TARGETED_DEVICE_FAMILY = "1,2";
				TEST_TARGET_NAME = "Coach Ai";
			};
			name = Release;
		};
/* End XCBuildConfiguration section */

/* Begin XCConfigurationList section */
		CD0D95292EBBB3F100489404 /* Build configuration list for PBXProject "Coach Ai" */ = {
			isa = XCConfigurationList;
			buildConfigurations = (
				CD0D954D2EBBB3F200489404 /* Debug */,
				CD0D954E2EBBB3F200489404 /* Release */,
			);
			defaultConfigurationIsVisible = 0;
			defaultConfigurationName = Release;
		};
		CD0D954F2EBBB3F200489404 /* Build configuration list for PBXNativeTarget "Coach Ai" */ = {
			isa = XCConfigurationList;
			buildConfigurations = (
				CD0D95502EBBB3F200489404 /* Debug */,
				CD0D95512EBBB3F200489404 /* Release */,
			);
			defaultConfigurationIsVisible = 0;
			defaultConfigurationName = Release;
		};
		CD0D95522EBBB3F200489404 /* Build configuration list for PBXNativeTarget "Coach AiTests" */ = {
			isa = XCConfigurationList;
			buildConfigurations = (
				CD0D95532EBBB3F200489404 /* Debug */,
				CD0D95542EBBB3F200489404 /* Release */,
			);
			defaultConfigurationIsVisible = 0;
			defaultConfigurationName = Release;
		};
		CD0D95552EBBB3F200489404 /* Build configuration list for PBXNativeTarget "Coach AiUITests" */ = {
			isa = XCConfigurationList;
			buildConfigurations = (
				CD0D95562EBBB3F200489404 /* Debug */,
				CD0D95572EBBB3F200489404 /* Release */,
			);
			defaultConfigurationIsVisible = 0;
			defaultConfigurationName = Release;
		};
/* End XCConfigurationList section */

/* Begin XCRemoteSwiftPackageReference section */
		CD238F9E2EFE3AA000517279 /* XCRemoteSwiftPackageReference "firebase-ios-sdk" */ = {
			isa = XCRemoteSwiftPackageReference;
			repositoryURL = "https://github.com/firebase/firebase-ios-sdk";
			requirement = {
				kind = upToNextMajorVersion;
				minimumVersion = 12.7.0;
			};
		};
/* End XCRemoteSwiftPackageReference section */

/* Begin XCSwiftPackageProductDependency section */
		CD238F9F2EFE3AA000517279 /* FirebaseAuth */ = {
			isa = XCSwiftPackageProductDependency;
			package = CD238F9E2EFE3AA000517279 /* XCRemoteSwiftPackageReference "firebase-ios-sdk" */;
			productName = FirebaseAuth;
		};
		CD238FA12EFE3AA000517279 /* FirebaseCore */ = {
			isa = XCSwiftPackageProductDependency;
			package = CD238F9E2EFE3AA000517279 /* XCRemoteSwiftPackageReference "firebase-ios-sdk" */;
			productName = FirebaseCore;
		};
		CD238FA32EFE3AA000517279 /* FirebaseFirestore */ = {
			isa = XCSwiftPackageProductDependency;
			package = CD238F9E2EFE3AA000517279 /* XCRemoteSwiftPackageReference "firebase-ios-sdk" */;
			productName = FirebaseFirestore;
		};
/* End XCSwiftPackageProductDependency section */
	};
	rootObject = CD0D95262EBBB3F100489404 /* Project object */;
}
